
Microsoft Visual Studio Solution File, Format Version 12.00
# Visual Studio Version 18
VisualStudioVersion = 18.5.11612.153 insiders
MinimumVisualStudioVersion = 10.0.40219.1
Project("{FAE04EC0-301F-11D3-BF4B-00C04F79EFBC}") = "Pure.Diagram.RelationalModel.HashCodes", "Pure.Diagram.RelationalModel.HashCodes\Pure.Diagram.RelationalModel.HashCodes.csproj", "{D961B21B-FD41-4250-916F-2889FBF82180}"
EndProject
Project("{2150E333-8FDC-42A3-9474-1A3956D46DE8}") = "Tests", "Tests", "{B9195497-29EE-4100-A132-51C6F4B1FAAF}"
EndProject
Project("{FAE04EC0-301F-11D3-BF4B-00C04F79EFBC}") = "Pure.Diagram.RelationalModel.HashCodes", "Tests\Pure.Diagram.RelationalModel.HashCodes\Pure.Diagram.RelationalModel.HashCodes.csproj", "{4B56D264-136D-46C4-A4D1-C32AB10E1EE4}"
EndProject
Global
	GlobalSection(SolutionConfigurationPlatforms) = preSolution
		Debug|Any CPU = Debug|Any CPU
		Release|Any CPU = Release|Any CPU
	EndGlobalSection
	GlobalSection(ProjectConfigurationPlatforms) = postSolution
		{D961B21B-FD41-4250-916F-2889FBF82180}.Debug|Any CPU.ActiveCfg = Debug|Any CPU
		{D961B21B-FD41-4250-916F-2889FBF82180}.Debug|Any CPU.Build.0 = Debug|Any CPU
		{D961B21B-FD41-4250-916F-2889FBF82180}.Release|Any CPU.ActiveCfg = Release|Any CPU
		{D961B21B-FD41-4250-916F-2889FBF82180}.Release|Any CPU.Build.0 = Release|Any CPU
		{4B56D264-136D-46C4-A4D1-C32AB10E1EE4}.Debug|Any CPU.ActiveCfg = Debug|Any CPU
		{4B56D264-136D-46C4-A4D1-C32AB10E1EE4}.Debug|Any CPU.Build.0 = Debug|Any CPU
		{4B56D264-136D-46C4-A4D1-C32AB10E1EE4}.Release|Any CPU.ActiveCfg = Release|Any CPU
		{4B56D264-136D-46C4-A4D1-C32AB10E1EE4}.Release|Any CPU.Build.0 = Release|Any CPU
	EndGlobalSection
	GlobalSection(SolutionProperties) = preSolution
		HideSolutionNode = FALSE
	EndGlobalSection
	GlobalSection(NestedProjects) = preSolution
		{4B56D264-136D-46C4-A4D1-C32AB10E1EE4} = {B9195497-29EE-4100-A132-51C6F4B1FAAF}
	EndGlobalSection
EndGlobal
